
Microsoft Visual Studio Solution File, Format Version 12.00
# Visual Studio 2013
VisualStudioVersion = 12.0.30501.0
MinimumVisualStudioVersion = 10.0.40219.1
Project("{FAE04EC0-301F-11D3-BF4B-00C04F79EFBC}") = "WordChainPuzzle.Tests", "WordChainPuzzle.Tests\WordChainPuzzle.Tests.csproj", "{B61F83BA-7818-4DA4-BC02-542F6B459BDA}"
EndProject
Project("{FAE04EC0-301F-11D3-BF4B-00C04F79EFBC}") = "WordChainPuzzle.Domain", "WordChainPuzzle.Domain\WordChainPuzzle.Domain.csproj", "{2ECC56F5-B6A1-45CA-8EAE-EED6BC7C9CEE}"
EndProject
Project("{FAE04EC0-301F-11D3-BF4B-00C04F79EFBC}") = "WordChainPuzzle.Play", "WordChainPuzzle.Play\WordChainPuzzle.Play.csproj", "{631DC82E-83E9-4887-93D0-14125678052E}"
EndProject
Global
	GlobalSection(SolutionConfigurationPlatforms) = preSolution
		Debug|Any CPU = Debug|Any CPU
		Release|Any CPU = Release|Any CPU
	EndGlobalSection
	GlobalSection(ProjectConfigurationPlatforms) = postSolution
		{B61F83BA-7818-4DA4-BC02-542F6B459BDA}.Debug|Any CPU.ActiveCfg = Debug|Any CPU
		{B61F83BA-7818-4DA4-BC02-542F6B459BDA}.Debug|Any CPU.Build.0 = Debug|Any CPU
		{B61F83BA-7818-4DA4-BC02-542F6B459BDA}.Release|Any CPU.ActiveCfg = Release|Any CPU
		{B61F83BA-7818-4DA4-BC02-542F6B459BDA}.Release|Any CPU.Build.0 = Release|Any CPU
		{2ECC56F5-B6A1-45CA-8EAE-EED6BC7C9CEE}.Debug|Any CPU.ActiveCfg = Debug|Any CPU
		{2ECC56F5-B6A1-45CA-8EAE-EED6BC7C9CEE}.Debug|Any CPU.Build.0 = Debug|Any CPU
		{2ECC56F5-B6A1-45CA-8EAE-EED6BC7C9CEE}.Release|Any CPU.ActiveCfg = Release|Any CPU
		{2ECC56F5-B6A1-45CA-8EAE-EED6BC7C9CEE}.Release|Any CPU.Build.0 = Release|Any CPU
		{631DC82E-83E9-4887-93D0-14125678052E}.Debug|Any CPU.ActiveCfg = Debug|Any CPU
		{631DC82E-83E9-4887-93D0-14125678052E}.Debug|Any CPU.Build.0 = Debug|Any CPU
		{631DC82E-83E9-4887-93D0-14125678052E}.Release|Any CPU.ActiveCfg = Release|Any CPU
		{631DC82E-83E9-4887-93D0-14125678052E}.Release|Any CPU.Build.0 = Release|Any CPU
	EndGlobalSection
	GlobalSection(SolutionProperties) = preSolution
		HideSolutionNode = FALSE
	EndGlobalSection
EndGlobal
