
Microsoft Visual Studio Solution File, Format Version 12.00
# Visual Studio 2013
VisualStudioVersion = 12.0.31101.0
MinimumVisualStudioVersion = 10.0.40219.1
Project("{FAE04EC0-301F-11D3-BF4B-00C04F79EFBC}") = "Diamonds.Tests", "Diamonds.Tests\Diamonds.Tests.csproj", "{1FF66843-57B5-4EF0-9824-228CB65AD177}"
EndProject
Project("{FAE04EC0-301F-11D3-BF4B-00C04F79EFBC}") = "Diamonds.Domain", "Diamonds.Domain\Diamonds.Domain.csproj", "{BE4AB2F5-2666-49C7-AFF2-E0A6DBBD4C09}"
EndProject
Global
	GlobalSection(SolutionConfigurationPlatforms) = preSolution
		Debug|Any CPU = Debug|Any CPU
		Release|Any CPU = Release|Any CPU
	EndGlobalSection
	GlobalSection(ProjectConfigurationPlatforms) = postSolution
		{1FF66843-57B5-4EF0-9824-228CB65AD177}.Debug|Any CPU.ActiveCfg = Debug|Any CPU
		{1FF66843-57B5-4EF0-9824-228CB65AD177}.Debug|Any CPU.Build.0 = Debug|Any CPU
		{1FF66843-57B5-4EF0-9824-228CB65AD177}.Release|Any CPU.ActiveCfg = Release|Any CPU
		{1FF66843-57B5-4EF0-9824-228CB65AD177}.Release|Any CPU.Build.0 = Release|Any CPU
		{BE4AB2F5-2666-49C7-AFF2-E0A6DBBD4C09}.Debug|Any CPU.ActiveCfg = Debug|Any CPU
		{BE4AB2F5-2666-49C7-AFF2-E0A6DBBD4C09}.Debug|Any CPU.Build.0 = Debug|Any CPU
		{BE4AB2F5-2666-49C7-AFF2-E0A6DBBD4C09}.Release|Any CPU.ActiveCfg = Release|Any CPU
		{BE4AB2F5-2666-49C7-AFF2-E0A6DBBD4C09}.Release|Any CPU.Build.0 = Release|Any CPU
	EndGlobalSection
	GlobalSection(SolutionProperties) = preSolution
		HideSolutionNode = FALSE
	EndGlobalSection
EndGlobal
